
Microsoft Visual Studio Solution File, Format Version 12.00
# Visual Studio Version 17
VisualStudioVersion = 17.14.36408.4
MinimumVisualStudioVersion = 10.0.40219.1
Project("{FAE04EC0-301F-11D3-BF4B-00C04F79EFBC}") = "WebApplication2", "WebApplication2\WebApplication2.csproj", "{C41D266F-FD4E-4FE8-8F33-4B7CC19D4920}"
EndProject
Project("{FAE04EC0-301F-11D3-BF4B-00C04F79EFBC}") = "FuenPlatform", "FuenPlatform\FuenPlatform.csproj", "{B22F025F-0258-46CD-8F47-07996FC4D4AC}"
EndProject
Project("{FAE04EC0-301F-11D3-BF4B-00C04F79EFBC}") = "CustomerWebsite", "CustomerWebsite\CustomerWebsite.csproj", "{79982757-38D9-4854-98DD-C5CF42D3C738}"
EndProject
Project("{FAE04EC0-301F-11D3-BF4B-00C04F79EFBC}") = "CategoryProduct", "CategoryProduct\CategoryProduct.csproj", "{A0FE4F0D-85A1-4E24-AA51-279D37846F82}"
EndProject
Global
	GlobalSection(SolutionConfigurationPlatforms) = preSolution
		Debug|Any CPU = Debug|Any CPU
		Release|Any CPU = Release|Any CPU
	EndGlobalSection
	GlobalSection(ProjectConfigurationPlatforms) = postSolution
		{C41D266F-FD4E-4FE8-8F33-4B7CC19D4920}.Debug|Any CPU.ActiveCfg = Debug|Any CPU
		{C41D266F-FD4E-4FE8-8F33-4B7CC19D4920}.Debug|Any CPU.Build.0 = Debug|Any CPU
		{C41D266F-FD4E-4FE8-8F33-4B7CC19D4920}.Release|Any CPU.ActiveCfg = Release|Any CPU
		{C41D266F-FD4E-4FE8-8F33-4B7CC19D4920}.Release|Any CPU.Build.0 = Release|Any CPU
		{B22F025F-0258-46CD-8F47-07996FC4D4AC}.Debug|Any CPU.ActiveCfg = Debug|Any CPU
		{B22F025F-0258-46CD-8F47-07996FC4D4AC}.Debug|Any CPU.Build.0 = Debug|Any CPU
		{B22F025F-0258-46CD-8F47-07996FC4D4AC}.Release|Any CPU.ActiveCfg = Release|Any CPU
		{B22F025F-0258-46CD-8F47-07996FC4D4AC}.Release|Any CPU.Build.0 = Release|Any CPU
		{79982757-38D9-4854-98DD-C5CF42D3C738}.Debug|Any CPU.ActiveCfg = Debug|Any CPU
		{79982757-38D9-4854-98DD-C5CF42D3C738}.Debug|Any CPU.Build.0 = Debug|Any CPU
		{79982757-38D9-4854-98DD-C5CF42D3C738}.Release|Any CPU.ActiveCfg = Release|Any CPU
		{79982757-38D9-4854-98DD-C5CF42D3C738}.Release|Any CPU.Build.0 = Release|Any CPU
		{A0FE4F0D-85A1-4E24-AA51-279D37846F82}.Debug|Any CPU.ActiveCfg = Debug|Any CPU
		{A0FE4F0D-85A1-4E24-AA51-279D37846F82}.Debug|Any CPU.Build.0 = Debug|Any CPU
		{A0FE4F0D-85A1-4E24-AA51-279D37846F82}.Release|Any CPU.ActiveCfg = Release|Any CPU
		{A0FE4F0D-85A1-4E24-AA51-279D37846F82}.Release|Any CPU.Build.0 = Release|Any CPU
	EndGlobalSection
	GlobalSection(SolutionProperties) = preSolution
		HideSolutionNode = FALSE
	EndGlobalSection
	GlobalSection(ExtensibilityGlobals) = postSolution
		SolutionGuid = {79F5A8D7-2F1E-4524-AC4A-796E1CAE1266}
	EndGlobalSection
EndGlobal
